// !$*UTF8*$!
{
	archiveVersion = 1;
	classes = {
	};
	objectVersion = 46;
	objects = {

/* Begin PBXBuildFile section */
		7D7A6BC11D87EA2800D5E129 /* main.m in Sources */ = {isa = PBXBuildFile; fileRef = 7D7A6BC01D87EA2800D5E129 /* main.m */; };
		7D7A6BC41D87EA2800D5E129 /* AppDelegate.m in Sources */ = {isa = PBXBuildFile; fileRef = 7D7A6BC31D87EA2800D5E129 /* AppDelegate.m */; };
		7D7A6BC71D87EA2800D5E129 /* ViewController.m in Sources */ = {isa = PBXBuildFile; fileRef = 7D7A6BC61D87EA2800D5E129 /* ViewController.m */; };
		7D7A6BCA1D87EA2800D5E129 /* Main.storyboard in Resources */ = {isa = PBXBuildFile; fileRef = 7D7A6BC81D87EA2800D5E129 /* Main.storyboard */; };
		7D7A6BCC1D87EA2800D5E129 /* Assets.xcassets in Resources */ = {isa = PBXBuildFile; fileRef = 7D7A6BCB1D87EA2800D5E129 /* Assets.xcassets */; };
		7D7A6BCF1D87EA2800D5E129 /* LaunchScreen.storyboard in Resources */ = {isa = PBXBuildFile; fileRef = 7D7A6BCD1D87EA2800D5E129 /* LaunchScreen.storyboard */; };
		7D7A6BDA1D87EA2800D5E129 /* AutoLayout_ProblemTests.m in Sources */ = {isa = PBXBuildFile; fileRef = 7D7A6BD91D87EA2800D5E129 /* AutoLayout_ProblemTests.m */; };
		7D7A6BE51D87EA2800D5E129 /* AutoLayout_ProblemUITests.m in Sources */ = {isa = PBXBuildFile; fileRef = 7D7A6BE41D87EA2800D5E129 /* AutoLayout_ProblemUITests.m */; };
		7D7A6BF61D87EA6900D5E129 /* ViewController1.m in Sources */ = {isa = PBXBuildFile; fileRef = 7D7A6BF31D87EA6900D5E129 /* ViewController1.m */; };
		7D7A6BF71D87EA6900D5E129 /* ViewController2.m in Sources */ = {isa = PBXBuildFile; fileRef = 7D7A6BF51D87EA6900D5E129 /* ViewController2.m */; };
/* End PBXBuildFile section */

/* Begin PBXContainerItemProxy section */
		7D7A6BD61D87EA2800D5E129 /* PBXContainerItemProxy */ = {
			isa = PBXContainerItemProxy;
			containerPortal = 7D7A6BB41D87EA2700D5E129 /* Project object */;
			proxyType = 1;
			remoteGlobalIDString = 7D7A6BBB1D87EA2700D5E129;
			remoteInfo = "AutoLayout Problem";
		};
		7D7A6BE11D87EA2800D5E129 /* PBXContainerItemProxy */ = {
			isa = PBXContainerItemProxy;
			containerPortal = 7D7A6BB41D87EA2700D5E129 /* Project object */;
			proxyType = 1;
			remoteGlobalIDString = 7D7A6BBB1D87EA2700D5E129;
			remoteInfo = "AutoLayout Problem";
		};
/* End PBXContainerItemProxy section */

/* Begin PBXFileReference section */
		7D7A6BBC1D87EA2700D5E129 /* AutoLayout Problem.app */ = {isa = PBXFileReference; explicitFileType = wrapper.application; includeInIndex = 0; path = "AutoLayout Problem.app"; sourceTree = BUILT_PRODUCTS_DIR; };
		7D7A6BC01D87EA2800D5E129 /* main.m */ = {isa = PBXFileReference; lastKnownFileType = sourcecode.c.objc; path = main.m; sourceTree = "<group>"; };
		7D7A6BC21D87EA2800D5E129 /* AppDelegate.h */ = {isa = PBXFileReference; lastKnownFileType = sourcecode.c.h; path = AppDelegate.h; sourceTree = "<group>"; };
		7D7A6BC31D87EA2800D5E129 /* AppDelegate.m */ = {isa = PBXFileReference; lastKnownFileType = sourcecode.c.objc; path = AppDelegate.m; sourceTree = "<group>"; };
		7D7A6BC51D87EA2800D5E129 /* ViewController.h */ = {isa = PBXFileReference; lastKnownFileType = sourcecode.c.h; path = ViewController.h; sourceTree = "<group>"; };
		7D7A6BC61D87EA2800D5E129 /* ViewController.m */ = {isa = PBXFileReference; lastKnownFileType = sourcecode.c.objc; path = ViewController.m; sourceTree = "<group>"; };
		7D7A6BC91D87EA2800D5E129 /* Base */ = {isa = PBXFileReference; lastKnownFileType = file.storyboard; name = Base; path = Base.lproj/Main.storyboard; sourceTree = "<group>"; };
		7D7A6BCB1D87EA2800D5E129 /* Assets.xcassets */ = {isa = PBXFileReference; lastKnownFileType = folder.assetcatalog; path = Assets.xcassets; sourceTree = "<group>"; };
		7D7A6BCE1D87EA2800D5E129 /* Base */ = {isa = PBXFileReference; lastKnownFileType = file.storyboard; name = Base; path = Base.lproj/LaunchScreen.storyboard; sourceTree = "<group>"; };
		7D7A6BD01D87EA2800D5E129 /* Info.plist */ = {isa = PBXFileReference; lastKnownFileType = text.plist.xml; path = Info.plist; sourceTree = "<group>"; };
		7D7A6BD51D87EA2800D5E129 /* AutoLayout ProblemTests.xctest */ = {isa = PBXFileReference; explicitFileType = wrapper.cfbundle; includeInIndex = 0; path = "AutoLayout ProblemTests.xctest"; sourceTree = BUILT_PRODUCTS_DIR; };
		7D7A6BD91D87EA2800D5E129 /* AutoLayout_ProblemTests.m */ = {isa = PBXFileReference; lastKnownFileType = sourcecode.c.objc; path = AutoLayout_ProblemTests.m; sourceTree = "<group>"; };
		7D7A6BDB1D87EA2800D5E129 /* Info.plist */ = {isa = PBXFileReference; lastKnownFileType = text.plist.xml; path = Info.plist; sourceTree = "<group>"; };
		7D7A6BE01D87EA2800D5E129 /* AutoLayout ProblemUITests.xctest */ = {isa = PBXFileReference; explicitFileType = wrapper.cfbundle; includeInIndex = 0; path = "AutoLayout ProblemUITests.xctest"; sourceTree = BUILT_PRODUCTS_DIR; };
		7D7A6BE41D87EA2800D5E129 /* AutoLayout_ProblemUITests.m */ = {isa = PBXFileReference; lastKnownFileType = sourcecode.c.objc; path = AutoLayout_ProblemUITests.m; sourceTree = "<group>"; };
		7D7A6BE61D87EA2800D5E129 /* Info.plist */ = {isa = PBXFileReference; lastKnownFileType = text.plist.xml; path = Info.plist; sourceTree = "<group>"; };
		7D7A6BF21D87EA6900D5E129 /* ViewController1.h */ = {isa = PBXFileReference; fileEncoding = 4; lastKnownFileType = sourcecode.c.h; path = ViewController1.h; sourceTree = "<group>"; };
		7D7A6BF31D87EA6900D5E129 /* ViewController1.m */ = {isa = PBXFileReference; fileEncoding = 4; lastKnownFileType = sourcecode.c.objc; path = ViewController1.m; sourceTree = "<group>"; };
		7D7A6BF41D87EA6900D5E129 /* ViewController2.h */ = {isa = PBXFileReference; fileEncoding = 4; lastKnownFileType = sourcecode.c.h; path = ViewController2.h; sourceTree = "<group>"; };
		7D7A6BF51D87EA6900D5E129 /* ViewController2.m */ = {isa = PBXFileReference; fileEncoding = 4; lastKnownFileType = sourcecode.c.objc; path = ViewController2.m; sourceTree = "<group>"; };
/* End PBXFileReference section */

/* Begin PBXFrameworksBuildPhase section */
		7D7A6BB91D87EA2700D5E129 /* Frameworks */ = {
			isa = PBXFrameworksBuildPhase;
			buildActionMask = 2147483647;
			files = (
			);
			runOnlyForDeploymentPostprocessing = 0;
		};
		7D7A6BD21D87EA2800D5E129 /* Frameworks */ = {
			isa = PBXFrameworksBuildPhase;
			buildActionMask = 2147483647;
			files = (
			);
			runOnlyForDeploymentPostprocessing = 0;
		};
		7D7A6BDD1D87EA2800D5E129 /* Frameworks */ = {
			isa = PBXFrameworksBuildPhase;
			buildActionMask = 2147483647;
			files = (
			);
			runOnlyForDeploymentPostprocessing = 0;
		};
/* End PBXFrameworksBuildPhase section */

/* Begin PBXGroup section */
		7D7A6BB31D87EA2700D5E129 = {
			isa = PBXGroup;
			children = (
				7D7A6BBE1D87EA2800D5E129 /* AutoLayout Problem */,
				7D7A6BD81D87EA2800D5E129 /* AutoLayout ProblemTests */,
				7D7A6BE31D87EA2800D5E129 /* AutoLayout ProblemUITests */,
				7D7A6BBD1D87EA2700D5E129 /* Products */,
			);
			sourceTree = "<group>";
		};
		7D7A6BBD1D87EA2700D5E129 /* Products */ = {
			isa = PBXGroup;
			children = (
				7D7A6BBC1D87EA2700D5E129 /* AutoLayout Problem.app */,
				7D7A6BD51D87EA2800D5E129 /* AutoLayout ProblemTests.xctest */,
				7D7A6BE01D87EA2800D5E129 /* AutoLayout ProblemUITests.xctest */,
			);
			name = Products;
			sourceTree = "<group>";
		};
		7D7A6BBE1D87EA2800D5E129 /* AutoLayout Problem */ = {
			isa = PBXGroup;
			children = (
				7D7A6BC21D87EA2800D5E129 /* AppDelegate.h */,
				7D7A6BC31D87EA2800D5E129 /* AppDelegate.m */,
				7D7A6BF21D87EA6900D5E129 /* ViewController1.h */,
				7D7A6BF31D87EA6900D5E129 /* ViewController1.m */,
				7D7A6BF41D87EA6900D5E129 /* ViewController2.h */,
				7D7A6BF51D87EA6900D5E129 /* ViewController2.m */,
				7D7A6BC51D87EA2800D5E129 /* ViewController.h */,
				7D7A6BC61D87EA2800D5E129 /* ViewController.m */,
				7D7A6BC81D87EA2800D5E129 /* Main.storyboard */,
				7D7A6BCB1D87EA2800D5E129 /* Assets.xcassets */,
				7D7A6BCD1D87EA2800D5E129 /* LaunchScreen.storyboard */,
				7D7A6BD01D87EA2800D5E129 /* Info.plist */,
				7D7A6BBF1D87EA2800D5E129 /* Supporting Files */,
			);
			path = "AutoLayout Problem";
			sourceTree = "<group>";
		};
		7D7A6BBF1D87EA2800D5E129 /* Supporting Files */ = {
			isa = PBXGroup;
			children = (
				7D7A6BC01D87EA2800D5E129 /* main.m */,
			);
			name = "Supporting Files";
			sourceTree = "<group>";
		};
		7D7A6BD81D87EA2800D5E129 /* AutoLayout ProblemTests */ = {
			isa = PBXGroup;
			children = (
				7D7A6BD91D87EA2800D5E129 /* AutoLayout_ProblemTests.m */,
				7D7A6BDB1D87EA2800D5E129 /* Info.plist */,
			);
			path = "AutoLayout ProblemTests";
			sourceTree = "<group>";
		};
		7D7A6BE31D87EA2800D5E129 /* AutoLayout ProblemUITests */ = {
			isa = PBXGroup;
			children = (
				7D7A6BE41D87EA2800D5E129 /* AutoLayout_ProblemUITests.m */,
				7D7A6BE61D87EA2800D5E129 /* Info.plist */,
			);
			path = "AutoLayout ProblemUITests";
			sourceTree = "<group>";
		};
/* End PBXGroup section */

/* Begin PBXNativeTarget section */
		7D7A6BBB1D87EA2700D5E129 /* AutoLayout Problem */ = {
			isa = PBXNativeTarget;
			buildConfigurationList = 7D7A6BE91D87EA2800D5E129 /* Build configuration list for PBXNativeTarget "AutoLayout Problem" */;
			buildPhases = (
				7D7A6BB81D87EA2700D5E129 /* Sources */,
				7D7A6BB91D87EA2700D5E129 /* Frameworks */,
				7D7A6BBA1D87EA2700D5E129 /* Resources */,
			);
			buildRules = (
			);
			dependencies = (
			);
			name = "AutoLayout Problem";
			productName = "AutoLayout Problem";
			productReference = 7D7A6BBC1D87EA2700D5E129 /* AutoLayout Problem.app */;
			productType = "com.apple.product-type.application";
		};
		7D7A6BD41D87EA2800D5E129 /* AutoLayout ProblemTests */ = {
			isa = PBXNativeTarget;
			buildConfigurationList = 7D7A6BEC1D87EA2800D5E129 /* Build configuration list for PBXNativeTarget "AutoLayout ProblemTests" */;
			buildPhases = (
				7D7A6BD11D87EA2800D5E129 /* Sources */,
				7D7A6BD21D87EA2800D5E129 /* Frameworks */,
				7D7A6BD31D87EA2800D5E129 /* Resources */,
			);
			buildRules = (
			);
			dependencies = (
				7D7A6BD71D87EA2800D5E129 /* PBXTargetDependency */,
			);
			name = "AutoLayout ProblemTests";
			productName = "AutoLayout ProblemTests";
			productReference = 7D7A6BD51D87EA2800D5E129 /* AutoLayout ProblemTests.xctest */;
			productType = "com.apple.product-type.bundle.unit-test";
		};
		7D7A6BDF1D87EA2800D5E129 /* AutoLayout ProblemUITests */ = {
			isa = PBXNativeTarget;
			buildConfigurationList = 7D7A6BEF1D87EA2800D5E129 /* Build configuration list for PBXNativeTarget "AutoLayout ProblemUITests" */;
			buildPhases = (
				7D7A6BDC1D87EA2800D5E129 /* Sources */,
				7D7A6BDD1D87EA2800D5E129 /* Frameworks */,
				7D7A6BDE1D87EA2800D5E129 /* Resources */,
			);
			buildRules = (
			);
			dependencies = (
				7D7A6BE21D87EA2800D5E129 /* PBXTargetDependency */,
			);
			name = "AutoLayout ProblemUITests";
			productName = "AutoLayout ProblemUITests";
			productReference = 7D7A6BE01D87EA2800D5E129 /* AutoLayout ProblemUITests.xctest */;
			productType = "com.apple.product-type.bundle.ui-testing";
		};
/* End PBXNativeTarget section */

/* Begin PBXProject section */
		7D7A6BB41D87EA2700D5E129 /* Project object */ = {
			isa = PBXProject;
			attributes = {
				LastUpgradeCheck = 0730;
				ORGANIZATIONNAME = "Pro Start Me";
				TargetAttributes = {
					7D7A6BBB1D87EA2700D5E129 = {
						CreatedOnToolsVersion = 7.3.1;
					};
					7D7A6BD41D87EA2800D5E129 = {
						CreatedOnToolsVersion = 7.3.1;
						TestTargetID = 7D7A6BBB1D87EA2700D5E129;
					};
					7D7A6BDF1D87EA2800D5E129 = {
						CreatedOnToolsVersion = 7.3.1;
						TestTargetID = 7D7A6BBB1D87EA2700D5E129;
					};
				};
			};
			buildConfigurationList = 7D7A6BB71D87EA2700D5E129 /* Build configuration list for PBXProject "AutoLayout Problem" */;
			compatibilityVersion = "Xcode 3.2";
			developmentRegion = English;
			hasScannedForEncodings = 0;
			knownRegions = (
				en,
				Base,
			);
			mainGroup = 7D7A6BB31D87EA2700D5E129;
			productRefGroup = 7D7A6BBD1D87EA2700D5E129 /* Products */;
			projectDirPath = "";
			projectRoot = "";
			targets = (
				7D7A6BBB1D87EA2700D5E129 /* AutoLayout Problem */,
				7D7A6BD41D87EA2800D5E129 /* AutoLayout ProblemTests */,
				7D7A6BDF1D87EA2800D5E129 /* AutoLayout ProblemUITests */,
			);
		};
/* End PBXProject section */

/* Begin PBXResourcesBuildPhase section */
		7D7A6BBA1D87EA2700D5E129 /* Resources */ = {
			isa = PBXResourcesBuildPhase;
			buildActionMask = 2147483647;
			files = (
				7D7A6BCF1D87EA2800D5E129 /* LaunchScreen.storyboard in Resources */,
				7D7A6BCC1D87EA2800D5E129 /* Assets.xcassets in Resources */,
				7D7A6BCA1D87EA2800D5E129 /* Main.storyboard in Resources */,
			);
			runOnlyForDeploymentPostprocessing = 0;
		};
		7D7A6BD31D87EA2800D5E129 /* Resources */ = {
			isa = PBXResourcesBuildPhase;
			buildActionMask = 2147483647;
			files = (
			);
			runOnlyForDeploymentPostprocessing = 0;
		};
		7D7A6BDE1D87EA2800D5E129 /* Resources */ = {
			isa = PBXResourcesBuildPhase;
			buildActionMask = 2147483647;
			files = (
			);
			runOnlyForDeploymentPostprocessing = 0;
		};
/* End PBXResourcesBuildPhase section */

/* Begin PBXSourcesBuildPhase section */
		7D7A6BB81D87EA2700D5E129 /* Sources */ = {
			isa = PBXSourcesBuildPhase;
			buildActionMask = 2147483647;
			files = (
				7D7A6BF61D87EA6900D5E129 /* ViewController1.m in Sources */,
				7D7A6BC71D87EA2800D5E129 /* ViewController.m in Sources */,
				7D7A6BF71D87EA6900D5E129 /* ViewController2.m in Sources */,
				7D7A6BC41D87EA2800D5E129 /* AppDelegate.m in Sources */,
				7D7A6BC11D87EA2800D5E129 /* main.m in Sources */,
			);
			runOnlyForDeploymentPostprocessing = 0;
		};
		7D7A6BD11D87EA2800D5E129 /* Sources */ = {
			isa = PBXSourcesBuildPhase;
			buildActionMask = 2147483647;
			files = (
				7D7A6BDA1D87EA2800D5E129 /* AutoLayout_ProblemTests.m in Sources */,
			);
			runOnlyForDeploymentPostprocessing = 0;
		};
		7D7A6BDC1D87EA2800D5E129 /* Sources */ = {
			isa = PBXSourcesBuildPhase;
			buildActionMask = 2147483647;
			files = (
				7D7A6BE51D87EA2800D5E129 /* AutoLayout_ProblemUITests.m in Sources */,
			);
			runOnlyForDeploymentPostprocessing = 0;
		};
/* End PBXSourcesBuildPhase section */

/* Begin PBXTargetDependency section */
		7D7A6BD71D87EA2800D5E129 /* PBXTargetDependency */ = {
			isa = PBXTargetDependency;
			target = 7D7A6BBB1D87EA2700D5E129 /* AutoLayout Problem */;
			targetProxy = 7D7A6BD61D87EA2800D5E129 /* PBXContainerItemProxy */;
		};
		7D7A6BE21D87EA2800D5E129 /* PBXTargetDependency */ = {
			isa = PBXTargetDependency;
			target = 7D7A6BBB1D87EA2700D5E129 /* AutoLayout Problem */;
			targetProxy = 7D7A6BE11D87EA2800D5E129 /* PBXContainerItemProxy */;
		};
/* End PBXTargetDependency section */

/* Begin PBXVariantGroup section */
		7D7A6BC81D87EA2800D5E129 /* Main.storyboard */ = {
			isa = PBXVariantGroup;
			children = (
				7D7A6BC91D87EA2800D5E129 /* Base */,
			);
			name = Main.storyboard;
			sourceTree = "<group>";
		};
		7D7A6BCD1D87EA2800D5E129 /* LaunchScreen.storyboard */ = {
			isa = PBXVariantGroup;
			children = (
				7D7A6BCE1D87EA2800D5E129 /* Base */,
			);
			name = LaunchScreen.storyboard;
			sourceTree = "<group>";
		};
/* End PBXVariantGroup section */

/* Begin XCBuildConfiguration section */
		7D7A6BE71D87EA2800D5E129 /* Debug */ = {
			isa = XCBuildConfiguration;
			buildSettings = {
				ALWAYS_SEARCH_USER_PATHS = NO;
				CLANG_ANALYZER_NONNULL = YES;
				CLANG_CXX_LANGUAGE_STANDARD = "gnu++0x";
				CLANG_CXX_LIBRARY = "libc++";
				CLANG_ENABLE_MODULES = YES;
				CLANG_ENABLE_OBJC_ARC = YES;
				CLANG_WARN_BOOL_CONVERSION = YES;
				CLANG_WARN_CONSTANT_CONVERSION = YES;
				CLANG_WARN_DIRECT_OBJC_ISA_USAGE = YES_ERROR;
				CLANG_WARN_EMPTY_BODY = YES;
				CLANG_WARN_ENUM_CONVERSION = YES;
				CLANG_WARN_INT_CONVERSION = YES;
				CLANG_WARN_OBJC_ROOT_CLASS = YES_ERROR;
				CLANG_WARN_UNREACHABLE_CODE = YES;
				CLANG_WARN__DUPLICATE_METHOD_MATCH = YES;
				"CODE_SIGN_IDENTITY[sdk=iphoneos*]" = "iPhone Developer";
				COPY_PHASE_STRIP = NO;
				DEBUG_INFORMATION_FORMAT = dwarf;
				ENABLE_STRICT_OBJC_MSGSEND = YES;
				ENABLE_TESTABILITY = YES;
				GCC_C_LANGUAGE_STANDARD = gnu99;
				GCC_DYNAMIC_NO_PIC = NO;
				GCC_NO_COMMON_BLOCKS = YES;
				GCC_OPTIMIZATION_LEVEL = 0;
				GCC_PREPROCESSOR_DEFINITIONS = (
					"DEBUG=1",
					"$(inherited)",
				);
				GCC_WARN_64_TO_32_BIT_CONVERSION = YES;
				GCC_WARN_ABOUT_RETURN_TYPE = YES_ERROR;
				GCC_WARN_UNDECLARED_SELECTOR = YES;
				GCC_WARN_UNINITIALIZED_AUTOS = YES_AGGRESSIVE;
				GCC_WARN_UNUSED_FUNCTION = YES;
				GCC_WARN_UNUSED_VARIABLE = YES;
				IPHONEOS_DEPLOYMENT_TARGET = 9.3;
				MTL_ENABLE_DEBUG_INFO = YES;
				ONLY_ACTIVE_ARCH = YES;
				SDKROOT = iphoneos;
				TARGETED_DEVICE_FAMILY = "1,2";
			};
			name = Debug;
		};
		7D7A6BE81D87EA2800D5E129 /* Release */ = {
			isa = XCBuildConfiguration;
			buildSettings = {
				ALWAYS_SEARCH_USER_PATHS = NO;
				CLANG_ANALYZER_NONNULL = YES;
				CLANG_CXX_LANGUAGE_STANDARD = "gnu++0x";
				CLANG_CXX_LIBRARY = "libc++";
				CLANG_ENABLE_MODULES = YES;
				CLANG_ENABLE_OBJC_ARC = YES;
				CLANG_WARN_BOOL_CONVERSION = YES;
				CLANG_WARN_CONSTANT_CONVERSION = YES;
				CLANG_WARN_DIRECT_OBJC_ISA_USAGE = YES_ERROR;
				CLANG_WARN_EMPTY_BODY = YES;
				CLANG_WARN_ENUM_CONVERSION = YES;
				CLANG_WARN_INT_CONVERSION = YES;
				CLANG_WARN_OBJC_ROOT_CLASS = YES_ERROR;
				CLANG_WARN_UNREACHABLE_CODE = YES;
				CLANG_WARN__DUPLICATE_METHOD_MATCH = YES;
				"CODE_SIGN_IDENTITY[sdk=iphoneos*]" = "iPhone Developer";
				COPY_PHASE_STRIP = NO;
				DEBUG_INFORMATION_FORMAT = "dwarf-with-dsym";
				ENABLE_NS_ASSERTIONS = NO;
				ENABLE_STRICT_OBJC_MSGSEND = YES;
				GCC_C_LANGUAGE_STANDARD = gnu99;
				GCC_NO_COMMON_BLOCKS = YES;
				GCC_WARN_64_TO_32_BIT_CONVERSION = YES;
				GCC_WARN_ABOUT_RETURN_TYPE = YES_ERROR;
				GCC_WARN_UNDECLARED_SELECTOR = YES;
				GCC_WARN_UNINITIALIZED_AUTOS = YES_AGGRESSIVE;
				GCC_WARN_UNUSED_FUNCTION = YES;
				GCC_WARN_UNUSED_VARIABLE = YES;
				IPHONEOS_DEPLOYMENT_TARGET = 9.3;
				MTL_ENABLE_DEBUG_INFO = NO;
				SDKROOT = iphoneos;
				TARGETED_DEVICE_FAMILY = "1,2";
				VALIDATE_PRODUCT = YES;
			};
			name = Release;
		};
		7D7A6BEA1D87EA2800D5E129 /* Debug */ = {
			isa = XCBuildConfiguration;
			buildSettings = {
				ASSETCATALOG_COMPILER_APPICON_NAME = AppIcon;
				INFOPLIST_FILE = "AutoLayout Problem/Info.plist";
				LD_RUNPATH_SEARCH_PATHS = "$(inherited) @executable_path/Frameworks";
				PRODUCT_BUNDLE_IDENTIFIER = "com.prostartme.developer.AutoLayout-Problem";
				PRODUCT_NAME = "$(TARGET_NAME)";
			};
			name = Debug;
		};
		7D7A6BEB1D87EA2800D5E129 /* Release */ = {
			isa = XCBuildConfiguration;
			buildSettings = {
				ASSETCATALOG_COMPILER_APPICON_NAME = AppIcon;
				INFOPLIST_FILE = "AutoLayout Problem/Info.plist";
				LD_RUNPATH_SEARCH_PATHS = "$(inherited) @executable_path/Frameworks";
				PRODUCT_BUNDLE_IDENTIFIER = "com.prostartme.developer.AutoLayout-Problem";
				PRODUCT_NAME = "$(TARGET_NAME)";
			};
			name = Release;
		};
		7D7A6BED1D87EA2800D5E129 /* Debug */ = {
			isa = XCBuildConfiguration;
			buildSettings = {
				BUNDLE_LOADER = "$(TEST_HOST)";
				INFOPLIST_FILE = "AutoLayout ProblemTests/Info.plist";
				LD_RUNPATH_SEARCH_PATHS = "$(inherited) @executable_path/Frameworks @loader_path/Frameworks";
				PRODUCT_BUNDLE_IDENTIFIER = "com.prostartme.developer.AutoLayout-ProblemTests";
				PRODUCT_NAME = "$(TARGET_NAME)";
				TEST_HOST = "$(BUILT_PRODUCTS_DIR)/AutoLayout Problem.app/AutoLayout Problem";
			};
			name = Debug;
		};
		7D7A6BEE1D87EA2800D5E129 /* Release */ = {
			isa = XCBuildConfiguration;
			buildSettings = {
				BUNDLE_LOADER = "$(TEST_HOST)";
				INFOPLIST_FILE = "AutoLayout ProblemTests/Info.plist";
				LD_RUNPATH_SEARCH_PATHS = "$(inherited) @executable_path/Frameworks @loader_path/Frameworks";
				PRODUCT_BUNDLE_IDENTIFIER = "com.prostartme.developer.AutoLayout-ProblemTests";
				PRODUCT_NAME = "$(TARGET_NAME)";
				TEST_HOST = "$(BUILT_PRODUCTS_DIR)/AutoLayout Problem.app/AutoLayout Problem";
			};
			name = Release;
		};
		7D7A6BF01D87EA2800D5E129 /* Debug */ = {
			isa = XCBuildConfiguration;
			buildSettings = {
				INFOPLIST_FILE = "AutoLayout ProblemUITests/Info.plist";
				LD_RUNPATH_SEARCH_PATHS = "$(inherited) @executable_path/Frameworks @loader_path/Frameworks";
				PRODUCT_BUNDLE_IDENTIFIER = "com.prostartme.developer.AutoLayout-ProblemUITests";
				PRODUCT_NAME = "$(TARGET_NAME)";
				TEST_TARGET_NAME = "AutoLayout Problem";
			};
			name = Debug;
		};
		7D7A6BF11D87EA2800D5E129 /* Release */ = {
			isa = XCBuildConfiguration;
			buildSettings = {
				INFOPLIST_FILE = "AutoLayout ProblemUITests/Info.plist";
				LD_RUNPATH_SEARCH_PATHS = "$(inherited) @executable_path/Frameworks @loader_path/Frameworks";
				PRODUCT_BUNDLE_IDENTIFIER = "com.prostartme.developer.AutoLayout-ProblemUITests";
				PRODUCT_NAME = "$(TARGET_NAME)";
				TEST_TARGET_NAME = "AutoLayout Problem";
			};
			name = Release;
		};
/* End XCBuildConfiguration section */

/* Begin XCConfigurationList section */
		7D7A6BB71D87EA2700D5E129 /* Build configuration list for PBXProject "AutoLayout Problem" */ = {
			isa = XCConfigurationList;
			buildConfigurations = (
				7D7A6BE71D87EA2800D5E129 /* Debug */,
				7D7A6BE81D87EA2800D5E129 /* Release */,
			);
			defaultConfigurationIsVisible = 0;
			defaultConfigurationName = Release;
		};
		7D7A6BE91D87EA2800D5E129 /* Build configuration list for PBXNativeTarget "AutoLayout Problem" */ = {
			isa = XCConfigurationList;
			buildConfigurations = (
				7D7A6BEA1D87EA2800D5E129 /* Debug */,
				7D7A6BEB1D87EA2800D5E129 /* Release */,
			);
			defaultConfigurationIsVisible = 0;
		};
		7D7A6BEC1D87EA2800D5E129 /* Build configuration list for PBXNativeTarget "AutoLayout ProblemTests" */ = {
			isa = XCConfigurationList;
			buildConfigurations = (
				7D7A6BED1D87EA2800D5E129 /* Debug */,
				7D7A6BEE1D87EA2800D5E129 /* Release */,
			);
			defaultConfigurationIsVisible = 0;
		};
		7D7A6BEF1D87EA2800D5E129 /* Build configuration list for PBXNativeTarget "AutoLayout ProblemUITests" */ = {
			isa = XCConfigurationList;
			buildConfigurations = (
				7D7A6BF01D87EA2800D5E129 /* Debug */,
				7D7A6BF11D87EA2800D5E129 /* Release */,
			);
			defaultConfigurationIsVisible = 0;
		};
/* End XCConfigurationList section */
	};
	rootObject = 7D7A6BB41D87EA2700D5E129 /* Project object */;
}
